
Microsoft Visual Studio Solution File, Format Version 12.00
# Visual Studio 15
VisualStudioVersion = 15.0.26228.52
MinimumVisualStudioVersion = 10.0.40219.1
Project("{FAE04EC0-301F-11D3-BF4B-00C04F79EFBC}") = "Qualifica.API", "Qualifica.API\Qualifica.API.csproj", "{EC1288CB-9E03-4B3F-AA40-8F4CACA91E41}"
EndProject
Global
	GlobalSection(SolutionConfigurationPlatforms) = preSolution
		Debug|Any CPU = Debug|Any CPU
		Release|Any CPU = Release|Any CPU
	EndGlobalSection
	GlobalSection(ProjectConfigurationPlatforms) = postSolution
		{EC1288CB-9E03-4B3F-AA40-8F4CACA91E41}.Debug|Any CPU.ActiveCfg = Debug|Any CPU
		{EC1288CB-9E03-4B3F-AA40-8F4CACA91E41}.Debug|Any CPU.Build.0 = Debug|Any CPU
		{EC1288CB-9E03-4B3F-AA40-8F4CACA91E41}.Release|Any CPU.ActiveCfg = Release|Any CPU
		{EC1288CB-9E03-4B3F-AA40-8F4CACA91E41}.Release|Any CPU.Build.0 = Release|Any CPU
	EndGlobalSection
	GlobalSection(SolutionProperties) = preSolution
		HideSolutionNode = FALSE
	EndGlobalSection
	GlobalSection(ExtensibilityGlobals) = postSolution
		SolutionGuid = {ADDCC0B0-CB34-47E2-81BA-52335C6FB8A5}
	EndGlobalSection
EndGlobal
